Microsoft Visual Studio Solution File, Format Version 11.00
# Visual Studio 2008

Project("{2B1EC585-FCD6-4266-36DD-78DB3DF5E5FB}") = "WorldOfZaar_Unity", "Assembly-CSharp-firstpass.csproj", "{1F625589-0C57-8539-64E9-78A8F183FBCE}"
EndProject
Project("{2B1EC585-FCD6-4266-36DD-78DB3DF5E5FB}") = "WorldOfZaar_Unity", "Assembly-CSharp.csproj", "{96B0A1D7-FC0F-D2ED-EB4D-682255394A75}"
EndProject
Project("{2B1EC585-FCD6-4266-36DD-78DB3DF5E5FB}") = "WorldOfZaar_Unity", "Assembly-UnityScript-firstpass.unityproj", "{C9D78270-B8D4-C2E0-CD0C-9DB63434D32B}"
EndProject
Project("{2B1EC585-FCD6-4266-36DD-78DB3DF5E5FB}") = "WorldOfZaar_Unity", "Assembly-UnityScript.unityproj", "{526E6BFF-598E-96B2-3AFF-1C7CA649C55F}"
EndProject
Global
	GlobalSection(SolutionConfigurationPlatforms) = preSolution
		Debug|Any CPU = Debug|Any CPU
		Release|Any CPU = Release|Any CPU
	EndGlobalSection
	GlobalSection(ProjectConfigurationPlatforms) = postSolution
		{1F625589-0C57-8539-64E9-78A8F183FBCE}.Debug|Any CPU.ActiveCfg = Debug|Any CPU
		{1F625589-0C57-8539-64E9-78A8F183FBCE}.Debug|Any CPU.Build.0 = Debug|Any CPU
		{1F625589-0C57-8539-64E9-78A8F183FBCE}.Release|Any CPU.ActiveCfg = Release|Any CPU
		{1F625589-0C57-8539-64E9-78A8F183FBCE}.Release|Any CPU.Build.0 = Release|Any CPU
		{96B0A1D7-FC0F-D2ED-EB4D-682255394A75}.Debug|Any CPU.ActiveCfg = Debug|Any CPU
		{96B0A1D7-FC0F-D2ED-EB4D-682255394A75}.Debug|Any CPU.Build.0 = Debug|Any CPU
		{96B0A1D7-FC0F-D2ED-EB4D-682255394A75}.Release|Any CPU.ActiveCfg = Release|Any CPU
		{96B0A1D7-FC0F-D2ED-EB4D-682255394A75}.Release|Any CPU.Build.0 = Release|Any CPU
		{C9D78270-B8D4-C2E0-CD0C-9DB63434D32B}.Debug|Any CPU.ActiveCfg = Debug|Any CPU
		{C9D78270-B8D4-C2E0-CD0C-9DB63434D32B}.Debug|Any CPU.Build.0 = Debug|Any CPU
		{C9D78270-B8D4-C2E0-CD0C-9DB63434D32B}.Release|Any CPU.ActiveCfg = Release|Any CPU
		{C9D78270-B8D4-C2E0-CD0C-9DB63434D32B}.Release|Any CPU.Build.0 = Release|Any CPU
		{526E6BFF-598E-96B2-3AFF-1C7CA649C55F}.Debug|Any CPU.ActiveCfg = Debug|Any CPU
		{526E6BFF-598E-96B2-3AFF-1C7CA649C55F}.Debug|Any CPU.Build.0 = Debug|Any CPU
		{526E6BFF-598E-96B2-3AFF-1C7CA649C55F}.Release|Any CPU.ActiveCfg = Release|Any CPU
		{526E6BFF-598E-96B2-3AFF-1C7CA649C55F}.Release|Any CPU.Build.0 = Release|Any CPU
	EndGlobalSection
	GlobalSection(SolutionProperties) = preSolution
		HideSolutionNode = FALSE
	EndGlobalSection
																															GlobalSection(MonoDevelopProperties) = preSolution
		StartupItem = Assembly-CSharp.csproj
		Policies = $0
		$0.TextStylePolicy = $1
		$1.inheritsSet = null
		$1.scope = text/x-csharp
		$0.CSharpFormattingPolicy = $2
		$2.inheritsSet = Mono
		$2.inheritsScope = text/x-csharp
		$2.scope = text/x-csharp
		$0.TextStylePolicy = $3
		$3.FileWidth = 120
		$3.TabWidth = 4
		$3.EolMarker = Unix
		$3.inheritsSet = Mono
		$3.inheritsScope = text/plain
		$3.scope = text/plain
	EndGlobalSection

EndGlobal
